{
  "version": 4,
  "terraform_version": "1.12.1",
  "serial": 920,
  "lineage": "a3ac71d2-1b44-0f6f-61ce-e48eaefada87",
  "outputs": {
    "instance_public_ip": {
      "value": "13.222.52.25",
      "type": "string"
    },
    "key_RustDesk": {
      "value": "aAWJ54AK2rQEFT+gPFTtKS9TJppViyf8ooF6IBBRVjk=",
      "type": "string"
    },
    "key_pair_name": {
      "value": "my-key-pair",
      "type": "string"
    }
  },
  "resources": [
    {
      "mode": "managed",
      "type": "aws_default_vpc",
      "name": "default",
      "provider": "provider[\"registry.terraform.io/hashicorp/aws\"]",
      "instances": [
        {
          "schema_version": 1,
          "attributes": {
            "arn": "arn:aws:ec2:us-east-1:060190671180:vpc/vpc-04b4a71aea39b6466",
            "assign_generated_ipv6_cidr_block": false,
            "cidr_block": "172.31.0.0/16",
            "default_network_acl_id": "acl-065aa466dfcb01e5a",
            "default_route_table_id": "rtb-056e0d4fbaede7604",
            "default_security_group_id": "sg-0d5b29a346b144283",
            "dhcp_options_id": "dopt-08e7158105b60314f",
            "enable_dns_hostnames": true,
            "enable_dns_support": true,
            "enable_network_address_usage_metrics": false,
            "existing_default_vpc": true,
            "force_destroy": false,
            "id": "vpc-04b4a71aea39b6466",
            "instance_tenancy": "default",
            "ipv6_association_id": "",
            "ipv6_cidr_block": "",
            "ipv6_cidr_block_network_border_group": "",
            "ipv6_ipam_pool_id": "",
            "ipv6_netmask_length": 0,
            "main_route_table_id": "rtb-056e0d4fbaede7604",
            "owner_id": "060190671180",
            "region": "us-east-1",
            "tags": {
              "Name": "Default VPC"
            },
            "tags_all": {
              "Name": "Default VPC"
            }
          },
          "sensitive_attributes": [],
          "identity_schema_version": 0,
          "private": "eyJzY2hlbWFfdmVyc2lvbiI6IjEifQ=="
        }
      ]
    },
    {
      "mode": "managed",
      "type": "aws_instance",
      "name": "instance_1",
      "provider": "provider[\"registry.terraform.io/hashicorp/aws\"]",
      "instances": [
        {
          "schema_version": 2,
          "attributes": {
            "ami": "ami-011899242bb902164",
            "arn": "arn:aws:ec2:us-east-1:060190671180:instance/i-0f24d1b76256f7aa2",
            "associate_public_ip_address": true,
            "availability_zone": "us-east-1c",
            "capacity_reservation_specification": [
              {
                "capacity_reservation_preference": "open",
                "capacity_reservation_target": []
              }
            ],
            "cpu_options": [
              {
                "amd_sev_snp": "",
                "core_count": 1,
                "threads_per_core": 1
              }
            ],
            "credit_specification": [
              {
                "cpu_credits": "standard"
              }
            ],
            "disable_api_stop": false,
            "disable_api_termination": false,
            "ebs_block_device": [],
            "ebs_optimized": false,
            "enable_primary_ipv6": null,
            "enclave_options": [
              {
                "enabled": false
              }
            ],
            "ephemeral_block_device": [],
            "get_password_data": false,
            "hibernation": false,
            "host_id": "",
            "host_resource_group_arn": null,
            "iam_instance_profile": "",
            "id": "i-0f24d1b76256f7aa2",
            "instance_initiated_shutdown_behavior": "stop",
            "instance_lifecycle": "",
            "instance_market_options": [],
            "instance_state": "running",
            "instance_type": "t2.micro",
            "ipv6_address_count": 0,
            "ipv6_addresses": [],
            "key_name": "my-key-pair",
            "launch_template": [],
            "maintenance_options": [
              {
                "auto_recovery": "default"
              }
            ],
            "metadata_options": [
              {
                "http_endpoint": "enabled",
                "http_protocol_ipv6": "disabled",
                "http_put_response_hop_limit": 1,
                "http_tokens": "optional",
                "instance_metadata_tags": "disabled"
              }
            ],
            "monitoring": false,
            "network_interface": [],
            "outpost_arn": "",
            "password_data": "",
            "placement_group": "",
            "placement_partition_number": 0,
            "primary_network_interface_id": "eni-04213398cb25afe47",
            "private_dns": "ip-172-31-89-184.ec2.internal",
            "private_dns_name_options": [
              {
                "enable_resource_name_dns_a_record": false,
                "enable_resource_name_dns_aaaa_record": false,
                "hostname_type": "ip-name"
              }
            ],
            "private_ip": "172.31.89.184",
            "public_dns": "ec2-13-222-52-25.compute-1.amazonaws.com",
            "public_ip": "13.222.52.25",
            "region": "us-east-1",
            "root_block_device": [
              {
                "delete_on_termination": true,
                "device_name": "/dev/sda1",
                "encrypted": false,
                "iops": 100,
                "kms_key_id": "",
                "tags": {},
                "tags_all": {},
                "throughput": 0,
                "volume_id": "vol-01a2aa34f3d9f4fb8",
                "volume_size": 8,
                "volume_type": "gp2"
              }
            ],
            "secondary_private_ips": [],
            "security_groups": [
              "yuri20250730-instance-security-group"
            ],
            "source_dest_check": true,
            "spot_instance_request_id": "",
            "subnet_id": "subnet-0e62a64993a05ce95",
            "tags": {
              "Name": "yuri20250730-docker-instance"
            },
            "tags_all": {
              "Name": "yuri20250730-docker-instance"
            },
            "tenancy": "default",
            "timeouts": null,
            "user_data": "#!/bin/bash\n# Update package index and install prerequisites\napt-get update\napt-get install -y docker.io docker-compose\n\n# Start and enable Docker service\nsystemctl start docker\nsystemctl enable docker\n\n# Create directory for RustDesk\nmkdir -p /home/ubuntu/rustdeskdocker\ncd /home/ubuntu/rustdeskdocker\n\n# Create docker-compose.yml file\ncat \u003c\u003c 'EOL' \u003e /home/ubuntu/rustdeskdocker/docker-compose.yml\nversion: '3'\nservices:\n  hbbs:\n    container_name: hbbs\n    image: rustdesk/rustdesk-server:latest\n    command: hbbs\n    volumes:\n      - ./data:/root\n    network_mode: \"host\"\n\n    depends_on:\n      - hbbr\n    restart: unless-stopped\n\n  hbbr:\n    container_name: hbbr\n    image: rustdesk/rustdesk-server:latest\n    command: hbbr\n    volumes:\n      - ./data:/root\n    network_mode: \"host\"\n    restart: unless-stopped\nEOL\n    \n# Set proper permissions\nchown -R ubuntu:ubuntu /home/ubuntu/rustdeskdocker\n\n# Start Docker Compose services\ndocker-compose up -d\n\n",
            "user_data_base64": null,
            "user_data_replace_on_change": false,
            "volume_tags": null,
            "vpc_security_group_ids": [
              "sg-096ae3d7cb151a8fa"
            ]
          },
          "sensitive_attributes": [],
          "identity_schema_version": 0,
          "private": "eyJlMmJmYjczMC1lY2FhLTExZTYtOGY4OC0zNDM2M2JjN2M0YzAiOnsiY3JlYXRlIjo2MDAwMDAwMDAwMDAsImRlbGV0ZSI6MTIwMDAwMDAwMDAwMCwicmVhZCI6OTAwMDAwMDAwMDAwLCJ1cGRhdGUiOjYwMDAwMDAwMDAwMH0sInNjaGVtYV92ZXJzaW9uIjoiMiJ9",
          "dependencies": [
            "aws_key_pair.ec2_key_pair",
            "aws_security_group.instances",
            "local_file.private_key",
            "tls_private_key.rsa_key"
          ]
        }
      ]
    },
    {
      "mode": "managed",
      "type": "aws_key_pair",
      "name": "ec2_key_pair",
      "provider": "provider[\"registry.terraform.io/hashicorp/aws\"]",
      "instances": [
        {
          "schema_version": 1,
          "attributes": {
            "arn": "arn:aws:ec2:us-east-1:060190671180:key-pair/my-key-pair",
            "fingerprint": "03:6b:ef:c3:32:f2:56:84:81:12:fe:64:8d:cb:4a:27",
            "id": "my-key-pair",
            "key_name": "my-key-pair",
            "key_name_prefix": "",
            "key_pair_id": "key-029d29ee95e27af77",
            "key_type": "rsa",
            "public_key": "ssh-rsa AAAAB3NzaC1yc2EAAAADAQABAAABAQCqoNRLyLsQkg/s5YfDm4YMhi4vLDm8bCA/tekmjeV669+xZ6nUpHZET8ucY/XBGZT2qDqpO4X+t5y0BxOWx2rlrvwH8/5sg+OONsZfaQ3x11mqjnn5A7eKwbLi0wKWdId8vexDrV4KG5PNeBWhQII5ubaJbu+yilENvm7Xy9uvte8n9H39XyG9tbp9Je0j5u14TJbKtbHciVpk0h4+2QTKQxMcy1eKlaCwcZvGCSoZhYkMzsVBlFf8+nNlwTYKa782gMcW6UdL2AyGEIVbmbOhn1fkQ0fck81aNKvHdJmB7bWNhFbjktDksKSfFCKfqQGqZHgYCTyeZXmjO5CdIw7f",
            "region": "us-east-1",
            "tags": null,
            "tags_all": {}
          },
          "sensitive_attributes": [],
          "identity_schema_version": 0,
          "private": "eyJzY2hlbWFfdmVyc2lvbiI6IjEifQ==",
          "dependencies": [
            "tls_private_key.rsa_key"
          ]
        }
      ]
    },
    {
      "mode": "managed",
      "type": "aws_security_group",
      "name": "instances",
      "provider": "provider[\"registry.terraform.io/hashicorp/aws\"]",
      "instances": [
        {
          "schema_version": 1,
          "attributes": {
            "arn": "arn:aws:ec2:us-east-1:060190671180:security-group/sg-096ae3d7cb151a8fa",
            "description": "Managed by Terraform",
            "egress": [],
            "id": "sg-096ae3d7cb151a8fa",
            "ingress": [],
            "name": "yuri20250730-instance-security-group",
            "name_prefix": "",
            "owner_id": "060190671180",
            "region": "us-east-1",
            "revoke_rules_on_delete": false,
            "tags": null,
            "tags_all": {},
            "timeouts": null,
            "vpc_id": "vpc-04b4a71aea39b6466"
          },
          "sensitive_attributes": [],
          "identity_schema_version": 0,
          "private": "eyJlMmJmYjczMC1lY2FhLTExZTYtOGY4OC0zNDM2M2JjN2M0YzAiOnsiY3JlYXRlIjo2MDAwMDAwMDAwMDAsImRlbGV0ZSI6OTAwMDAwMDAwMDAwfSwic2NoZW1hX3ZlcnNpb24iOiIxIn0="
        }
      ]
    },
    {
      "mode": "managed",
      "type": "aws_security_group_rule",
      "name": "allow_RestDeskTCP_inbound",
      "provider": "provider[\"registry.terraform.io/hashicorp/aws\"]",
      "instances": [
        {
          "schema_version": 2,
          "attributes": {
            "cidr_blocks": [
              "0.0.0.0/0"
            ],
            "description": null,
            "from_port": 21115,
            "id": "sgrule-1428365463",
            "ipv6_cidr_blocks": null,
            "prefix_list_ids": null,
            "protocol": "tcp",
            "region": "us-east-1",
            "security_group_id": "sg-096ae3d7cb151a8fa",
            "security_group_rule_id": "sgr-0e6bbe2da8602efbc",
            "self": false,
            "source_security_group_id": null,
            "timeouts": null,
            "to_port": 21119,
            "type": "ingress"
          },
          "sensitive_attributes": [],
          "identity_schema_version": 0,
          "private": "eyJlMmJmYjczMC1lY2FhLTExZTYtOGY4OC0zNDM2M2JjN2M0YzAiOnsiY3JlYXRlIjozMDAwMDAwMDAwMDB9LCJzY2hlbWFfdmVyc2lvbiI6IjIifQ==",
          "dependencies": [
            "aws_security_group.instances"
          ]
        }
      ]
    },
    {
      "mode": "managed",
      "type": "aws_security_group_rule",
      "name": "allow_RestDeskUdp_inbound",
      "provider": "provider[\"registry.terraform.io/hashicorp/aws\"]",
      "instances": [
        {
          "schema_version": 2,
          "attributes": {
            "cidr_blocks": [
              "0.0.0.0/0"
            ],
            "description": null,
            "from_port": 21116,
            "id": "sgrule-2354638046",
            "ipv6_cidr_blocks": null,
            "prefix_list_ids": null,
            "protocol": "udp",
            "region": "us-east-1",
            "security_group_id": "sg-096ae3d7cb151a8fa",
            "security_group_rule_id": "sgr-0ed9ead25f0ca48a8",
            "self": false,
            "source_security_group_id": null,
            "timeouts": null,
            "to_port": 21116,
            "type": "ingress"
          },
          "sensitive_attributes": [],
          "identity_schema_version": 0,
          "private": "eyJlMmJmYjczMC1lY2FhLTExZTYtOGY4OC0zNDM2M2JjN2M0YzAiOnsiY3JlYXRlIjozMDAwMDAwMDAwMDB9LCJzY2hlbWFfdmVyc2lvbiI6IjIifQ==",
          "dependencies": [
            "aws_security_group.instances"
          ]
        }
      ]
    },
    {
      "mode": "managed",
      "type": "aws_security_group_rule",
      "name": "allow_outbound",
      "provider": "provider[\"registry.terraform.io/hashicorp/aws\"]",
      "instances": [
        {
          "schema_version": 2,
          "attributes": {
            "cidr_blocks": [
              "0.0.0.0/0"
            ],
            "description": null,
            "from_port": 0,
            "id": "sgrule-149825233",
            "ipv6_cidr_blocks": null,
            "prefix_list_ids": null,
            "protocol": "-1",
            "region": "us-east-1",
            "security_group_id": "sg-096ae3d7cb151a8fa",
            "security_group_rule_id": "sgr-000df7c1b838557f7",
            "self": false,
            "source_security_group_id": null,
            "timeouts": null,
            "to_port": 0,
            "type": "egress"
          },
          "sensitive_attributes": [],
          "identity_schema_version": 0,
          "private": "eyJlMmJmYjczMC1lY2FhLTExZTYtOGY4OC0zNDM2M2JjN2M0YzAiOnsiY3JlYXRlIjozMDAwMDAwMDAwMDB9LCJzY2hlbWFfdmVyc2lvbiI6IjIifQ==",
          "dependencies": [
            "aws_security_group.instances"
          ]
        }
      ]
    },
    {
      "mode": "managed",
      "type": "aws_security_group_rule",
      "name": "allow_ssh_inbound",
      "provider": "provider[\"registry.terraform.io/hashicorp/aws\"]",
      "instances": [
        {
          "schema_version": 2,
          "attributes": {
            "cidr_blocks": [
              "0.0.0.0/0"
            ],
            "description": null,
            "from_port": 22,
            "id": "sgrule-934105753",
            "ipv6_cidr_blocks": null,
            "prefix_list_ids": null,
            "protocol": "tcp",
            "region": "us-east-1",
            "security_group_id": "sg-096ae3d7cb151a8fa",
            "security_group_rule_id": "sgr-08ce280041976a685",
            "self": false,
            "source_security_group_id": null,
            "timeouts": null,
            "to_port": 22,
            "type": "ingress"
          },
          "sensitive_attributes": [],
          "identity_schema_version": 0,
          "private": "eyJlMmJmYjczMC1lY2FhLTExZTYtOGY4OC0zNDM2M2JjN2M0YzAiOnsiY3JlYXRlIjozMDAwMDAwMDAwMDB9LCJzY2hlbWFfdmVyc2lvbiI6IjIifQ==",
          "dependencies": [
            "aws_security_group.instances"
          ]
        }
      ]
    },
    {
      "mode": "managed",
      "type": "local_file",
      "name": "private_key",
      "provider": "provider[\"registry.terraform.io/hashicorp/local\"]",
      "instances": [
        {
          "schema_version": 0,
          "attributes": {
            "content": "-----BEGIN RSA PRIVATE KEY-----\nMIIEowIBAAKCAQEAqqDUS8i7EJIP7OWHw5uGDIYuLyw5vGwgP7XpJo3leuvfsWep\n1KR2RE/LnGP1wRmU9qg6qTuF/rectAcTlsdq5a78B/P+bIPjjjbGX2kN8ddZqo55\n+QO3isGy4tMClnSHfL3sQ61eChuTzXgVoUCCObm2iW7vsopRDb5u18vbr7XvJ/R9\n/V8hvbW6fSXtI+bteEyWyrWx3IlaZNIePtkEykMTHMtXipWgsHGbxgkqGYWJDM7F\nQZRX/PpzZcE2Cmu/NoDHFulHS9gMhhCFW5mzoZ9X5ENH3JPNWjSrx3SZge21jYRW\n45LQ5LCknxQin6kBqmR4GAk8nmV5ozuQnSMO3wIDAQABAoIBAB4iemwJ/xO9oCdo\nIFKpKIMUvZpiNq4y8H0gDRXckK9lciPcWY+vHh4Rc7Xip5gbgwYPDxEtbIxgdEIN\nT+XcwWHgRi3HZ2NV5b4LqXxXSvmv3Wu0bxFOGT/d1tCdkMLuwLEEv/Hx7/5cAX4T\n28oXYQh95qGeIKJJMGh7fgsJu3psHwHMACPSBva7aC0kmTuqfRwaARH3RmZRdKPy\nRVWbVWQRcxewVCOf3KwulucBrLKLzqSVBn8AnpmVwwjE53lihyH+cXV94C9LhD0j\nACqIxJ25jlR6eW29IAqYZiWhBvwx7JsEdV1l90iWIIt8S/HIjEsK+7qnRjPZQybH\n4G9XJe0CgYEA1aVIKqCf/t88Q1sEISAEBZqiNfFz+5b8YYvnKVEJbMd5nxWWZbNP\nMZ8lSGE8oIXFkb2IhO3SddZDywRkMdt7w0H5UhCAu9xeVNwZobdgYAMZ/Ls9y4ZH\nyZHjVnna8Jc10LtAVpp0YBAUN1ZULskZmX24wARxsjHUvZSUjscvoY0CgYEAzHRf\nu9xchMch2TwaYRT0yvH0tjN6TYVOzOm0/qQqrI9vqdCn0PEp6u+myOnVpTVL7tol\nox1g82jTdpfLzEZWegk37F96xAIqeCkzmzpN5IXSpRC9mwgWhGcGFXXItmSCxZTg\neX4/xJax4Meb1gWX6NHFvtSXBi4pUBEx/UN/WRsCgYARdCFDKkAn6EDaF9NsiVsK\nwilCUulwwlL3/R/zZiVo95rd/jt9L3rmyOOY2CjFzGfpkhxXD77D1a9QJJmy4QVp\nXDhsFeEOd+BU+m41oe+DqH01Am73845lzz9NT0MtqIzC8qk86f1b47RjGPBjqhYn\nTfgL59EKB7wjiMHiMC+Z+QKBgAw7djLWJ07mXxcRKn7ecxrlSP/RqqKStDk8TlDh\n34+9cS/WxQOSOjDNL8xbeSXOP4HF2XSd4FwPzH8O6+mH18qrXIYu3Dh37LSNuoGy\nBlEC1Kx9iOqKnFZFl66XAnAvKUfK9XcvX39SiMfrCV7PrNwIGO2m6HY9MsmQjc4a\nSLc7AoGBAM+szciWasH6I/wo7fEkdr4WM0FgmRSfd/aoP6pAdJe0D2pNd4ErgVnu\nH6PqdAFjkK+Q4AA9pICJWTBsEVO/Sze29CIMx7q8hnGAn8HcGLlsKVwU/QOW34gw\nnaYiDNRmVzWAQKCmOFX1KY9hlLBaEZToHiLpwCdC9/MN/TP+9G9e\n-----END RSA PRIVATE KEY-----\n",
            "content_base64": null,
            "content_base64sha256": "K8MVDPsMpdjZT/TYujg2N81t4vhkOPgUYX7r9BtZXas=",
            "content_base64sha512": "6ky16iAAhd4m6VpmaMnWeNSu7mmoElKSHIP86z6OIi7igKgwRBJmqQk1yI5/f9KTTlPKKGAM3DeHGJ5hXUZdwQ==",
            "content_md5": "e726ec539568c4b48f1f7c76a7cf4292",
            "content_sha1": "dbc805155c0ba6b9ab1b7464b6fc0cb88a864704",
            "content_sha256": "2bc3150cfb0ca5d8d94ff4d8ba383637cd6de2f86438f814617eebf41b595dab",
            "content_sha512": "ea4cb5ea200085de26e95a6668c9d678d4aeee69a81252921c83fceb3e8e222ee280a830441266a90935c88e7f7fd2934e53ca28600cdc3787189e615d465dc1",
            "directory_permission": "0777",
            "file_permission": "0400",
            "filename": "./my-key-pair.pem",
            "id": "dbc805155c0ba6b9ab1b7464b6fc0cb88a864704",
            "sensitive_content": null,
            "source": null
          },
          "sensitive_attributes": [
            [
              {
                "type": "get_attr",
                "value": "content"
              }
            ],
            [
              {
                "type": "get_attr",
                "value": "sensitive_content"
              }
            ]
          ],
          "identity_schema_version": 0,
          "dependencies": [
            "tls_private_key.rsa_key"
          ]
        }
      ]
    },
    {
      "mode": "managed",
      "type": "tls_private_key",
      "name": "rsa_key",
      "provider": "provider[\"registry.terraform.io/hashicorp/tls\"]",
      "instances": [
        {
          "schema_version": 1,
          "attributes": {
            "algorithm": "RSA",
            "ecdsa_curve": "P224",
            "id": "0787efda7d40386d86410c68a47360658af24b5f",
            "private_key_openssh": "-----BEGIN OPENSSH PRIVATE KEY-----\nb3BlbnNzaC1rZXktdjEAAAAABG5vbmUAAAAEbm9uZQAAAAAAAAABAAABFwAAAAdz\nc2gtcnNhAAAAAwEAAQAAAQEAqqDUS8i7EJIP7OWHw5uGDIYuLyw5vGwgP7XpJo3l\neuvfsWep1KR2RE/LnGP1wRmU9qg6qTuF/rectAcTlsdq5a78B/P+bIPjjjbGX2kN\n8ddZqo55+QO3isGy4tMClnSHfL3sQ61eChuTzXgVoUCCObm2iW7vsopRDb5u18vb\nr7XvJ/R9/V8hvbW6fSXtI+bteEyWyrWx3IlaZNIePtkEykMTHMtXipWgsHGbxgkq\nGYWJDM7FQZRX/PpzZcE2Cmu/NoDHFulHS9gMhhCFW5mzoZ9X5ENH3JPNWjSrx3SZ\nge21jYRW45LQ5LCknxQin6kBqmR4GAk8nmV5ozuQnSMO3wAAA7jAWa/QwFmv0AAA\nAAdzc2gtcnNhAAABAQCqoNRLyLsQkg/s5YfDm4YMhi4vLDm8bCA/tekmjeV669+x\nZ6nUpHZET8ucY/XBGZT2qDqpO4X+t5y0BxOWx2rlrvwH8/5sg+OONsZfaQ3x11mq\njnn5A7eKwbLi0wKWdId8vexDrV4KG5PNeBWhQII5ubaJbu+yilENvm7Xy9uvte8n\n9H39XyG9tbp9Je0j5u14TJbKtbHciVpk0h4+2QTKQxMcy1eKlaCwcZvGCSoZhYkM\nzsVBlFf8+nNlwTYKa782gMcW6UdL2AyGEIVbmbOhn1fkQ0fck81aNKvHdJmB7bWN\nhFbjktDksKSfFCKfqQGqZHgYCTyeZXmjO5CdIw7fAAAAAwEAAQAAAQAeInpsCf8T\nvaAnaCBSqSiDFL2aYjauMvB9IA0V3JCvZXIj3FmPrx4eEXO14qeYG4MGDw8RLWyM\nYHRCDU/l3MFh4EYtx2djVeW+C6l8V0r5r91rtG8RThk/3dbQnZDC7sCxBL/x8e/+\nXAF+E9vKF2EIfeahniCiSTBoe34LCbt6bB8BzAAj0gb2u2gtJJk7qn0cGgER90Zm\nUXSj8kVVm1VkEXMXsFQjn9ysLpbnAayyi86klQZ/AJ6ZlcMIxOd5Yoch/nF1feAv\nS4Q9IwAqiMSduY5UenltvSAKmGYloQb8MeybBHVdZfdIliCLfEvxyIxLCvu6p0Yz\n2UMmx+BvVyXtAAAAgQDPrM3IlmrB+iP8KO3xJHa+FjNBYJkUn3f2qD+qQHSXtA9q\nTXeBK4FZ7h+j6nQBY5CvkOAAPaSAiVkwbBFTv0s3tvQiDMe6vIZxgJ/B3Bi5bClc\nFP0Dlt+IMJ2mIgzUZlc1gECgpjhV9SmPYZSwWhGU6B4i6cAnQvfzDf0z/vRvXgAA\nAIEA1aVIKqCf/t88Q1sEISAEBZqiNfFz+5b8YYvnKVEJbMd5nxWWZbNPMZ8lSGE8\noIXFkb2IhO3SddZDywRkMdt7w0H5UhCAu9xeVNwZobdgYAMZ/Ls9y4ZHyZHjVnna\n8Jc10LtAVpp0YBAUN1ZULskZmX24wARxsjHUvZSUjscvoY0AAACBAMx0X7vcXITH\nIdk8GmEU9Mrx9LYzek2FTszptP6kKqyPb6nQp9DxKervpsjp1aU1S+7aJaMdYPNo\n03aXy8xGVnoJN+xfesQCKngpM5s6TeSF0qUQvZsIFoRnBhV1yLZkgsWU4Hl+P8SW\nseDHm9YFl+jRxb7UlwYuKVARMf1Df1kbAAAAAAEC\n-----END OPENSSH PRIVATE KEY-----\n",
            "private_key_pem": "-----BEGIN RSA PRIVATE KEY-----\nMIIEowIBAAKCAQEAqqDUS8i7EJIP7OWHw5uGDIYuLyw5vGwgP7XpJo3leuvfsWep\n1KR2RE/LnGP1wRmU9qg6qTuF/rectAcTlsdq5a78B/P+bIPjjjbGX2kN8ddZqo55\n+QO3isGy4tMClnSHfL3sQ61eChuTzXgVoUCCObm2iW7vsopRDb5u18vbr7XvJ/R9\n/V8hvbW6fSXtI+bteEyWyrWx3IlaZNIePtkEykMTHMtXipWgsHGbxgkqGYWJDM7F\nQZRX/PpzZcE2Cmu/NoDHFulHS9gMhhCFW5mzoZ9X5ENH3JPNWjSrx3SZge21jYRW\n45LQ5LCknxQin6kBqmR4GAk8nmV5ozuQnSMO3wIDAQABAoIBAB4iemwJ/xO9oCdo\nIFKpKIMUvZpiNq4y8H0gDRXckK9lciPcWY+vHh4Rc7Xip5gbgwYPDxEtbIxgdEIN\nT+XcwWHgRi3HZ2NV5b4LqXxXSvmv3Wu0bxFOGT/d1tCdkMLuwLEEv/Hx7/5cAX4T\n28oXYQh95qGeIKJJMGh7fgsJu3psHwHMACPSBva7aC0kmTuqfRwaARH3RmZRdKPy\nRVWbVWQRcxewVCOf3KwulucBrLKLzqSVBn8AnpmVwwjE53lihyH+cXV94C9LhD0j\nACqIxJ25jlR6eW29IAqYZiWhBvwx7JsEdV1l90iWIIt8S/HIjEsK+7qnRjPZQybH\n4G9XJe0CgYEA1aVIKqCf/t88Q1sEISAEBZqiNfFz+5b8YYvnKVEJbMd5nxWWZbNP\nMZ8lSGE8oIXFkb2IhO3SddZDywRkMdt7w0H5UhCAu9xeVNwZobdgYAMZ/Ls9y4ZH\nyZHjVnna8Jc10LtAVpp0YBAUN1ZULskZmX24wARxsjHUvZSUjscvoY0CgYEAzHRf\nu9xchMch2TwaYRT0yvH0tjN6TYVOzOm0/qQqrI9vqdCn0PEp6u+myOnVpTVL7tol\nox1g82jTdpfLzEZWegk37F96xAIqeCkzmzpN5IXSpRC9mwgWhGcGFXXItmSCxZTg\neX4/xJax4Meb1gWX6NHFvtSXBi4pUBEx/UN/WRsCgYARdCFDKkAn6EDaF9NsiVsK\nwilCUulwwlL3/R/zZiVo95rd/jt9L3rmyOOY2CjFzGfpkhxXD77D1a9QJJmy4QVp\nXDhsFeEOd+BU+m41oe+DqH01Am73845lzz9NT0MtqIzC8qk86f1b47RjGPBjqhYn\nTfgL59EKB7wjiMHiMC+Z+QKBgAw7djLWJ07mXxcRKn7ecxrlSP/RqqKStDk8TlDh\n34+9cS/WxQOSOjDNL8xbeSXOP4HF2XSd4FwPzH8O6+mH18qrXIYu3Dh37LSNuoGy\nBlEC1Kx9iOqKnFZFl66XAnAvKUfK9XcvX39SiMfrCV7PrNwIGO2m6HY9MsmQjc4a\nSLc7AoGBAM+szciWasH6I/wo7fEkdr4WM0FgmRSfd/aoP6pAdJe0D2pNd4ErgVnu\nH6PqdAFjkK+Q4AA9pICJWTBsEVO/Sze29CIMx7q8hnGAn8HcGLlsKVwU/QOW34gw\nnaYiDNRmVzWAQKCmOFX1KY9hlLBaEZToHiLpwCdC9/MN/TP+9G9e\n-----END RSA PRIVATE KEY-----\n",
            "private_key_pem_pkcs8": "-----BEGIN PRIVATE KEY-----\nMIIEvQIBADANBgkqhkiG9w0BAQEFAASCBKcwggSjAgEAAoIBAQCqoNRLyLsQkg/s\n5YfDm4YMhi4vLDm8bCA/tekmjeV669+xZ6nUpHZET8ucY/XBGZT2qDqpO4X+t5y0\nBxOWx2rlrvwH8/5sg+OONsZfaQ3x11mqjnn5A7eKwbLi0wKWdId8vexDrV4KG5PN\neBWhQII5ubaJbu+yilENvm7Xy9uvte8n9H39XyG9tbp9Je0j5u14TJbKtbHciVpk\n0h4+2QTKQxMcy1eKlaCwcZvGCSoZhYkMzsVBlFf8+nNlwTYKa782gMcW6UdL2AyG\nEIVbmbOhn1fkQ0fck81aNKvHdJmB7bWNhFbjktDksKSfFCKfqQGqZHgYCTyeZXmj\nO5CdIw7fAgMBAAECggEAHiJ6bAn/E72gJ2ggUqkogxS9mmI2rjLwfSANFdyQr2Vy\nI9xZj68eHhFzteKnmBuDBg8PES1sjGB0Qg1P5dzBYeBGLcdnY1XlvgupfFdK+a/d\na7RvEU4ZP93W0J2Qwu7AsQS/8fHv/lwBfhPbyhdhCH3moZ4gokkwaHt+Cwm7emwf\nAcwAI9IG9rtoLSSZO6p9HBoBEfdGZlF0o/JFVZtVZBFzF7BUI5/crC6W5wGssovO\npJUGfwCemZXDCMTneWKHIf5xdX3gL0uEPSMAKojEnbmOVHp5bb0gCphmJaEG/DHs\nmwR1XWX3SJYgi3xL8ciMSwr7uqdGM9lDJsfgb1cl7QKBgQDVpUgqoJ/+3zxDWwQh\nIAQFmqI18XP7lvxhi+cpUQlsx3mfFZZls08xnyVIYTyghcWRvYiE7dJ11kPLBGQx\n23vDQflSEIC73F5U3Bmht2BgAxn8uz3LhkfJkeNWedrwlzXQu0BWmnRgEBQ3VlQu\nyRmZfbjABHGyMdS9lJSOxy+hjQKBgQDMdF+73FyExyHZPBphFPTK8fS2M3pNhU7M\n6bT+pCqsj2+p0KfQ8Snq76bI6dWlNUvu2iWjHWDzaNN2l8vMRlZ6CTfsX3rEAip4\nKTObOk3khdKlEL2bCBaEZwYVdci2ZILFlOB5fj/ElrHgx5vWBZfo0cW+1JcGLilQ\nETH9Q39ZGwKBgBF0IUMqQCfoQNoX02yJWwrCKUJS6XDCUvf9H/NmJWj3mt3+O30v\neubI45jYKMXMZ+mSHFcPvsPVr1AkmbLhBWlcOGwV4Q534FT6bjWh74OofTUCbvfz\njmXPP01PQy2ojMLyqTzp/VvjtGMY8GOqFidN+Avn0QoHvCOIweIwL5n5AoGADDt2\nMtYnTuZfFxEqft5zGuVI/9GqopK0OTxOUOHfj71xL9bFA5I6MM0vzFt5Jc4/gcXZ\ndJ3gXA/Mfw7r6YfXyqtchi7cOHfstI26gbIGUQLUrH2I6oqcVkWXrpcCcC8pR8r1\ndy9ff1KIx+sJXs+s3AgY7abodj0yyZCNzhpItzsCgYEAz6zNyJZqwfoj/Cjt8SR2\nvhYzQWCZFJ939qg/qkB0l7QPak13gSuBWe4fo+p0AWOQr5DgAD2kgIlZMGwRU79L\nN7b0IgzHuryGcYCfwdwYuWwpXBT9A5bfiDCdpiIM1GZXNYBAoKY4VfUpj2GUsFoR\nlOgeIunAJ0L38w39M/70b14=\n-----END PRIVATE KEY-----\n",
            "public_key_fingerprint_md5": "6e:ef:fc:79:ea:99:df:6a:e5:81:8f:3d:3f:02:c6:0a",
            "public_key_fingerprint_sha256": "SHA256:JRUxyIenYFU7ymp1wfMD0OTyloLsbBzYYvVZ0NqyK5I",
            "public_key_openssh": "ssh-rsa AAAAB3NzaC1yc2EAAAADAQABAAABAQCqoNRLyLsQkg/s5YfDm4YMhi4vLDm8bCA/tekmjeV669+xZ6nUpHZET8ucY/XBGZT2qDqpO4X+t5y0BxOWx2rlrvwH8/5sg+OONsZfaQ3x11mqjnn5A7eKwbLi0wKWdId8vexDrV4KG5PNeBWhQII5ubaJbu+yilENvm7Xy9uvte8n9H39XyG9tbp9Je0j5u14TJbKtbHciVpk0h4+2QTKQxMcy1eKlaCwcZvGCSoZhYkMzsVBlFf8+nNlwTYKa782gMcW6UdL2AyGEIVbmbOhn1fkQ0fck81aNKvHdJmB7bWNhFbjktDksKSfFCKfqQGqZHgYCTyeZXmjO5CdIw7f\n",
            "public_key_pem": "-----BEGIN PUBLIC KEY-----\nMIIBIjANBgkqhkiG9w0BAQEFAAOCAQ8AMIIBCgKCAQEAqqDUS8i7EJIP7OWHw5uG\nDIYuLyw5vGwgP7XpJo3leuvfsWep1KR2RE/LnGP1wRmU9qg6qTuF/rectAcTlsdq\n5a78B/P+bIPjjjbGX2kN8ddZqo55+QO3isGy4tMClnSHfL3sQ61eChuTzXgVoUCC\nObm2iW7vsopRDb5u18vbr7XvJ/R9/V8hvbW6fSXtI+bteEyWyrWx3IlaZNIePtkE\nykMTHMtXipWgsHGbxgkqGYWJDM7FQZRX/PpzZcE2Cmu/NoDHFulHS9gMhhCFW5mz\noZ9X5ENH3JPNWjSrx3SZge21jYRW45LQ5LCknxQin6kBqmR4GAk8nmV5ozuQnSMO\n3wIDAQAB\n-----END PUBLIC KEY-----\n",
            "rsa_bits": 2048
          },
          "sensitive_attributes": [
            [
              {
                "type": "get_attr",
                "value": "private_key_openssh"
              }
            ],
            [
              {
                "type": "get_attr",
                "value": "private_key_pem"
              }
            ],
            [
              {
                "type": "get_attr",
                "value": "private_key_pem_pkcs8"
              }
            ]
          ],
          "identity_schema_version": 0
        }
      ]
    }
  ],
  "check_results": null
}
